
Microsoft Visual Studio Solution File, Format Version 12.00
# Visual Studio Version 17
VisualStudioVersion = 17.12.35527.113
MinimumVisualStudioVersion = 10.0.40219.1
Project("{FAE04EC0-301F-11D3-BF4B-00C04F79EFBC}") = "Demo", "Demo\Demo.csproj", "{9CFC78D4-9697-4D58-8962-E82443FAAEEA}"
EndProject
Project("{FAE04EC0-301F-11D3-BF4B-00C04F79EFBC}") = "Assignment", "Assignment\Assignment.csproj", "{68CC1C56-8784-445F-99EB-E45EFAE932B4}"
EndProject
Global
	GlobalSection(SolutionConfigurationPlatforms) = preSolution
		Debug|Any CPU = Debug|Any CPU
		Release|Any CPU = Release|Any CPU
	EndGlobalSection
	GlobalSection(ProjectConfigurationPlatforms) = postSolution
		{9CFC78D4-9697-4D58-8962-E82443FAAEEA}.Debug|Any CPU.ActiveCfg = Debug|Any CPU
		{9CFC78D4-9697-4D58-8962-E82443FAAEEA}.Debug|Any CPU.Build.0 = Debug|Any CPU
		{9CFC78D4-9697-4D58-8962-E82443FAAEEA}.Release|Any CPU.ActiveCfg = Release|Any CPU
		{9CFC78D4-9697-4D58-8962-E82443FAAEEA}.Release|Any CPU.Build.0 = Release|Any CPU
		{68CC1C56-8784-445F-99EB-E45EFAE932B4}.Debug|Any CPU.ActiveCfg = Debug|Any CPU
		{68CC1C56-8784-445F-99EB-E45EFAE932B4}.Debug|Any CPU.Build.0 = Debug|Any CPU
		{68CC1C56-8784-445F-99EB-E45EFAE932B4}.Release|Any CPU.ActiveCfg = Release|Any CPU
		{68CC1C56-8784-445F-99EB-E45EFAE932B4}.Release|Any CPU.Build.0 = Release|Any CPU
	EndGlobalSection
	GlobalSection(SolutionProperties) = preSolution
		HideSolutionNode = FALSE
	EndGlobalSection
EndGlobal
